Microsoft Visual Studio Solution File, Format Version 11.00
# Visual Studio 2008

Project("{A1BFADC7-1DC2-0F2B-7AA1-F8BA747CB1D2}") = "Lonelinia", "Assembly-CSharp.csproj", "{3FD80840-30A9-7366-7081-F933EC30E6E3}"
EndProject
Project("{A1BFADC7-1DC2-0F2B-7AA1-F8BA747CB1D2}") = "Lonelinia", "Assembly-CSharp-Editor.csproj", "{9EB609E6-56E4-B388-72EB-2E43D5C41250}"
EndProject
Global
	GlobalSection(SolutionConfigurationPlatforms) = preSolution
		Debug|Any CPU = Debug|Any CPU
		Release|Any CPU = Release|Any CPU
	EndGlobalSection
	GlobalSection(ProjectConfigurationPlatforms) = postSolution
		{3FD80840-30A9-7366-7081-F933EC30E6E3}.Debug|Any CPU.ActiveCfg = Debug|Any CPU
		{3FD80840-30A9-7366-7081-F933EC30E6E3}.Debug|Any CPU.Build.0 = Debug|Any CPU
		{3FD80840-30A9-7366-7081-F933EC30E6E3}.Release|Any CPU.ActiveCfg = Release|Any CPU
		{3FD80840-30A9-7366-7081-F933EC30E6E3}.Release|Any CPU.Build.0 = Release|Any CPU
		{9EB609E6-56E4-B388-72EB-2E43D5C41250}.Debug|Any CPU.ActiveCfg = Debug|Any CPU
		{9EB609E6-56E4-B388-72EB-2E43D5C41250}.Debug|Any CPU.Build.0 = Debug|Any CPU
		{9EB609E6-56E4-B388-72EB-2E43D5C41250}.Release|Any CPU.ActiveCfg = Release|Any CPU
		{9EB609E6-56E4-B388-72EB-2E43D5C41250}.Release|Any CPU.Build.0 = Release|Any CPU
	EndGlobalSection
	GlobalSection(SolutionProperties) = preSolution
		HideSolutionNode = FALSE
	EndGlobalSection
	GlobalSection(MonoDevelopProperties) = preSolution
		StartupItem = Assembly-CSharp.csproj
	EndGlobalSection
EndGlobal
